
Microsoft Visual Studio Solution File, Format Version 12.00
# Visual Studio Version 17
VisualStudioVersion = 17.8.34309.116
MinimumVisualStudioVersion = 10.0.40219.1
Project("{FAE04EC0-301F-11D3-BF4B-00C04F79EFBC}") = "WeddingApp", "WeddingApp\WeddingApp.csproj", "{F143EC33-81F7-46C9-A3D1-19451F55F9E3}"
EndProject
Project("{FAE04EC0-301F-11D3-BF4B-00C04F79EFBC}") = "WeddingAppDatabase", "WeddingAppDatabase\WeddingAppDatabase.csproj", "{CD0D9AFC-3D73-45E1-80BD-A130A8E4CE95}"
EndProject
Global
	GlobalSection(SolutionConfigurationPlatforms) = preSolution
		Debug|Any CPU = Debug|Any CPU
		Release|Any CPU = Release|Any CPU
	EndGlobalSection
	GlobalSection(ProjectConfigurationPlatforms) = postSolution
		{F143EC33-81F7-46C9-A3D1-19451F55F9E3}.Debug|Any CPU.ActiveCfg = Debug|Any CPU
		{F143EC33-81F7-46C9-A3D1-19451F55F9E3}.Debug|Any CPU.Build.0 = Debug|Any CPU
		{F143EC33-81F7-46C9-A3D1-19451F55F9E3}.Release|Any CPU.ActiveCfg = Release|Any CPU
		{F143EC33-81F7-46C9-A3D1-19451F55F9E3}.Release|Any CPU.Build.0 = Release|Any CPU
		{CD0D9AFC-3D73-45E1-80BD-A130A8E4CE95}.Debug|Any CPU.ActiveCfg = Debug|Any CPU
		{CD0D9AFC-3D73-45E1-80BD-A130A8E4CE95}.Debug|Any CPU.Build.0 = Debug|Any CPU
		{CD0D9AFC-3D73-45E1-80BD-A130A8E4CE95}.Release|Any CPU.ActiveCfg = Release|Any CPU
		{CD0D9AFC-3D73-45E1-80BD-A130A8E4CE95}.Release|Any CPU.Build.0 = Release|Any CPU
	EndGlobalSection
	GlobalSection(SolutionProperties) = preSolution
		HideSolutionNode = FALSE
	EndGlobalSection
	GlobalSection(ExtensibilityGlobals) = postSolution
		SolutionGuid = {4DA45115-4DC4-4D4B-A0A9-1FC943B0B07D}
	EndGlobalSection
EndGlobal
